
Microsoft Visual Studio Solution File, Format Version 12.00
# Visual Studio Version 17
VisualStudioVersion = 17.12.35506.116
MinimumVisualStudioVersion = 10.0.40219.1
Project("{FAE04EC0-301F-11D3-BF4B-00C04F79EFBC}") = "SushieUser", "SushieUser\SushieUser.csproj", "{D29BDF99-712B-4566-B59D-6A82ACDCB139}"
EndProject
Project("{FAE04EC0-301F-11D3-BF4B-00C04F79EFBC}") = "ApiClient", "..\Serever\ServerBD\ApiClient\ApiClient.csproj", "{2F13022D-F78E-45B9-B111-4ED927737066}"
EndProject
Project("{FAE04EC0-301F-11D3-BF4B-00C04F79EFBC}") = "SushieAdmin", "SushieAdmin\SushieAdmin.csproj", "{598194E3-7296-4894-A660-1A58E0B3397A}"
EndProject
Global
	GlobalSection(SolutionConfigurationPlatforms) = preSolution
		Debug|Any CPU = Debug|Any CPU
		Release|Any CPU = Release|Any CPU
	EndGlobalSection
	GlobalSection(ProjectConfigurationPlatforms) = postSolution
		{D29BDF99-712B-4566-B59D-6A82ACDCB139}.Debug|Any CPU.ActiveCfg = Debug|Any CPU
		{D29BDF99-712B-4566-B59D-6A82ACDCB139}.Debug|Any CPU.Build.0 = Debug|Any CPU
		{D29BDF99-712B-4566-B59D-6A82ACDCB139}.Debug|Any CPU.Deploy.0 = Debug|Any CPU
		{D29BDF99-712B-4566-B59D-6A82ACDCB139}.Release|Any CPU.ActiveCfg = Release|Any CPU
		{D29BDF99-712B-4566-B59D-6A82ACDCB139}.Release|Any CPU.Build.0 = Release|Any CPU
		{D29BDF99-712B-4566-B59D-6A82ACDCB139}.Release|Any CPU.Deploy.0 = Release|Any CPU
		{2F13022D-F78E-45B9-B111-4ED927737066}.Debug|Any CPU.ActiveCfg = Debug|Any CPU
		{2F13022D-F78E-45B9-B111-4ED927737066}.Debug|Any CPU.Build.0 = Debug|Any CPU
		{2F13022D-F78E-45B9-B111-4ED927737066}.Release|Any CPU.ActiveCfg = Release|Any CPU
		{2F13022D-F78E-45B9-B111-4ED927737066}.Release|Any CPU.Build.0 = Release|Any CPU
		{598194E3-7296-4894-A660-1A58E0B3397A}.Debug|Any CPU.ActiveCfg = Debug|Any CPU
		{598194E3-7296-4894-A660-1A58E0B3397A}.Debug|Any CPU.Build.0 = Debug|Any CPU
		{598194E3-7296-4894-A660-1A58E0B3397A}.Debug|Any CPU.Deploy.0 = Debug|Any CPU
		{598194E3-7296-4894-A660-1A58E0B3397A}.Release|Any CPU.ActiveCfg = Release|Any CPU
		{598194E3-7296-4894-A660-1A58E0B3397A}.Release|Any CPU.Build.0 = Release|Any CPU
		{598194E3-7296-4894-A660-1A58E0B3397A}.Release|Any CPU.Deploy.0 = Release|Any CPU
	EndGlobalSection
	GlobalSection(SolutionProperties) = preSolution
		HideSolutionNode = FALSE
	EndGlobalSection
EndGlobal
